
Microsoft Visual Studio Solution File, Format Version 12.00
# Visual Studio Version 17
VisualStudioVersion = 17.8.34330.188
MinimumVisualStudioVersion = 10.0.40219.1
Project("{FAE04EC0-301F-11D3-BF4B-00C04F79EFBC}") = "apCaminhosEmMarte", "apCaminhosEmMarte.csproj", "{EB0AE915-30D0-4BA6-B8E0-5586FF6C1A5A}"
EndProject
Global
	GlobalSection(SolutionConfigurationPlatforms) = preSolution
		Debug|Any CPU = Debug|Any CPU
		Release|Any CPU = Release|Any CPU
	EndGlobalSection
	GlobalSection(ProjectConfigurationPlatforms) = postSolution
		{EB0AE915-30D0-4BA6-B8E0-5586FF6C1A5A}.Debug|Any CPU.ActiveCfg = Debug|Any CPU
		{EB0AE915-30D0-4BA6-B8E0-5586FF6C1A5A}.Debug|Any CPU.Build.0 = Debug|Any CPU
		{EB0AE915-30D0-4BA6-B8E0-5586FF6C1A5A}.Release|Any CPU.ActiveCfg = Release|Any CPU
		{EB0AE915-30D0-4BA6-B8E0-5586FF6C1A5A}.Release|Any CPU.Build.0 = Release|Any CPU
	EndGlobalSection
	GlobalSection(SolutionProperties) = preSolution
		HideSolutionNode = FALSE
	EndGlobalSection
	GlobalSection(ExtensibilityGlobals) = postSolution
		SolutionGuid = {DEC2C42A-89E8-423C-9995-FDDB69DBEDC1}
	EndGlobalSection
EndGlobal
